// !$*UTF8*$!
{
	archiveVersion = 1;
	classes = {
	};
	objectVersion = 55;
	objects = {

/* Begin PBXBuildFile section */
		2ABB2B1028DB1356001B36BB /* SongCell.swift in Sources */ = {isa = PBXBuildFile; fileRef = 2ABB2B0F28DB1356001B36BB /* SongCell.swift */; };
		2ABB2B1228DB1498001B36BB /* CollectionViewCell.swift in Sources */ = {isa = PBXBuildFile; fileRef = 2ABB2B1128DB1498001B36BB /* CollectionViewCell.swift */; };
		2ABB2B1628DB7E2C001B36BB /* Abel-Regular.ttf in Resources */ = {isa = PBXBuildFile; fileRef = 2ABB2B1528DB7E2C001B36BB /* Abel-Regular.ttf */; };
		EDB1C97428D9E09300B03DF9 /* FavoriteListViewController.swift in Sources */ = {isa = PBXBuildFile; fileRef = EDB1C97328D9E09300B03DF9 /* FavoriteListViewController.swift */; };
		EDB1C97628D9E0A100B03DF9 /* SearchViewController.swift in Sources */ = {isa = PBXBuildFile; fileRef = EDB1C97528D9E0A100B03DF9 /* SearchViewController.swift */; };
		EDB1C97828D9E0AC00B03DF9 /* ProfileViewController.swift in Sources */ = {isa = PBXBuildFile; fileRef = EDB1C97728D9E0AC00B03DF9 /* ProfileViewController.swift */; };
		EDB1C97B28D9E0F400B03DF9 /* Constants.swift in Sources */ = {isa = PBXBuildFile; fileRef = EDB1C97A28D9E0F400B03DF9 /* Constants.swift */; };
		EDC703D528D9108800A1B921 /* AppDelegate.swift in Sources */ = {isa = PBXBuildFile; fileRef = EDC703D428D9108800A1B921 /* AppDelegate.swift */; };
		EDC703D928D9108800A1B921 /* HomeViewController.swift in Sources */ = {isa = PBXBuildFile; fileRef = EDC703D828D9108800A1B921 /* HomeViewController.swift */; };
		EDC703DE28D9108B00A1B921 /* Assets.xcassets in Resources */ = {isa = PBXBuildFile; fileRef = EDC703DD28D9108B00A1B921 /* Assets.xcassets */; };
		EDC703E128D9108B00A1B921 /* LaunchScreen.storyboard in Resources */ = {isa = PBXBuildFile; fileRef = EDC703DF28D9108B00A1B921 /* LaunchScreen.storyboard */; };
/* End PBXBuildFile section */

/* Begin PBXFileReference section */
		2ABB2B0F28DB1356001B36BB /* SongCell.swift */ = {isa = PBXFileReference; lastKnownFileType = sourcecode.swift; path = SongCell.swift; sourceTree = "<group>"; };
		2ABB2B1128DB1498001B36BB /* CollectionViewCell.swift */ = {isa = PBXFileReference; lastKnownFileType = sourcecode.swift; path = CollectionViewCell.swift; sourceTree = "<group>"; };
		2ABB2B1528DB7E2C001B36BB /* Abel-Regular.ttf */ = {isa = PBXFileReference; lastKnownFileType = file; path = "Abel-Regular.ttf"; sourceTree = "<group>"; };
		EDB1C97328D9E09300B03DF9 /* FavoriteListViewController.swift */ = {isa = PBXFileReference; lastKnownFileType = sourcecode.swift; path = FavoriteListViewController.swift; sourceTree = "<group>"; };
		EDB1C97528D9E0A100B03DF9 /* SearchViewController.swift */ = {isa = PBXFileReference; lastKnownFileType = sourcecode.swift; path = SearchViewController.swift; sourceTree = "<group>"; };
		EDB1C97728D9E0AC00B03DF9 /* ProfileViewController.swift */ = {isa = PBXFileReference; lastKnownFileType = sourcecode.swift; path = ProfileViewController.swift; sourceTree = "<group>"; };
		EDB1C97A28D9E0F400B03DF9 /* Constants.swift */ = {isa = PBXFileReference; lastKnownFileType = sourcecode.swift; path = Constants.swift; sourceTree = "<group>"; };
		EDC703D128D9108800A1B921 /* Halio.app */ = {isa = PBXFileReference; explicitFileType = wrapper.application; includeInIndex = 0; path = Halio.app; sourceTree = BUILT_PRODUCTS_DIR; };
		EDC703D428D9108800A1B921 /* AppDelegate.swift */ = {isa = PBXFileReference; lastKnownFileType = sourcecode.swift; path = AppDelegate.swift; sourceTree = "<group>"; };
		EDC703D828D9108800A1B921 /* HomeViewController.swift */ = {isa = PBXFileReference; lastKnownFileType = sourcecode.swift; path = HomeViewController.swift; sourceTree = "<group>"; };
		EDC703DD28D9108B00A1B921 /* Assets.xcassets */ = {isa = PBXFileReference; lastKnownFileType = folder.assetcatalog; path = Assets.xcassets; sourceTree = "<group>"; };
		EDC703E028D9108B00A1B921 /* Base */ = {isa = PBXFileReference; lastKnownFileType = file.storyboard; name = Base; path = Base.lproj/LaunchScreen.storyboard; sourceTree = "<group>"; };
		EDC703E228D9108B00A1B921 /* Info.plist */ = {isa = PBXFileReference; lastKnownFileType = text.plist.xml; path = Info.plist; sourceTree = "<group>"; };
/* End PBXFileReference section */

/* Begin PBXFrameworksBuildPhase section */
		EDC703CE28D9108800A1B921 /* Frameworks */ = {
			isa = PBXFrameworksBuildPhase;
			buildActionMask = 2147483647;
			files = (
			);
			runOnlyForDeploymentPostprocessing = 0;
		};
/* End PBXFrameworksBuildPhase section */

/* Begin PBXGroup section */
		EDB1C97228D9E07A00B03DF9 /* View */ = {
			isa = PBXGroup;
			children = (
				EDC703D828D9108800A1B921 /* HomeViewController.swift */,
				EDB1C97328D9E09300B03DF9 /* FavoriteListViewController.swift */,
				EDB1C97528D9E0A100B03DF9 /* SearchViewController.swift */,
				EDB1C97728D9E0AC00B03DF9 /* ProfileViewController.swift */,
				2ABB2B0F28DB1356001B36BB /* SongCell.swift */,
				2ABB2B1128DB1498001B36BB /* CollectionViewCell.swift */,
			);
			path = View;
			sourceTree = "<group>";
		};
		EDB1C97928D9E0D800B03DF9 /* Supporting Files */ = {
			isa = PBXGroup;
			children = (
				2ABB2B1528DB7E2C001B36BB /* Abel-Regular.ttf */,
				EDC703DD28D9108B00A1B921 /* Assets.xcassets */,
				EDC703DF28D9108B00A1B921 /* LaunchScreen.storyboard */,
				EDC703E228D9108B00A1B921 /* Info.plist */,
			);
			path = "Supporting Files";
			sourceTree = "<group>";
		};
		EDC703C828D9108800A1B921 = {
			isa = PBXGroup;
			children = (
				EDC703D328D9108800A1B921 /* Halio */,
				EDC703D228D9108800A1B921 /* Products */,
			);
			sourceTree = "<group>";
		};
		EDC703D228D9108800A1B921 /* Products */ = {
			isa = PBXGroup;
			children = (
				EDC703D128D9108800A1B921 /* Halio.app */,
			);
			name = Products;
			sourceTree = "<group>";
		};
		EDC703D328D9108800A1B921 /* Halio */ = {
			isa = PBXGroup;
			children = (
				EDC703D428D9108800A1B921 /* AppDelegate.swift */,
				EDB1C97228D9E07A00B03DF9 /* View */,
				EDB1C97928D9E0D800B03DF9 /* Supporting Files */,
				EDB1C97A28D9E0F400B03DF9 /* Constants.swift */,
			);
			path = Halio;
			sourceTree = "<group>";
		};
/* End PBXGroup section */

/* Begin PBXNativeTarget section */
		EDC703D028D9108800A1B921 /* Halio */ = {
			isa = PBXNativeTarget;
			buildConfigurationList = EDC703E528D9108B00A1B921 /* Build configuration list for PBXNativeTarget "Halio" */;
			buildPhases = (
				EDC703CD28D9108800A1B921 /* Sources */,
				EDC703CE28D9108800A1B921 /* Frameworks */,
				EDC703CF28D9108800A1B921 /* Resources */,
			);
			buildRules = (
			);
			dependencies = (
			);
			name = Halio;
			productName = Halio;
			productReference = EDC703D128D9108800A1B921 /* Halio.app */;
			productType = "com.apple.product-type.application";
		};
/* End PBXNativeTarget section */

/* Begin PBXProject section */
		EDC703C928D9108800A1B921 /* Project object */ = {
			isa = PBXProject;
			attributes = {
				BuildIndependentTargetsInParallel = 1;
				LastSwiftUpdateCheck = 1320;
				LastUpgradeCheck = 1320;
				TargetAttributes = {
					EDC703D028D9108800A1B921 = {
						CreatedOnToolsVersion = 13.2.1;
					};
				};
			};
			buildConfigurationList = EDC703CC28D9108800A1B921 /* Build configuration list for PBXProject "Halio" */;
			compatibilityVersion = "Xcode 13.0";
			developmentRegion = en;
			hasScannedForEncodings = 0;
			knownRegions = (
				en,
				Base,
			);
			mainGroup = EDC703C828D9108800A1B921;
			productRefGroup = EDC703D228D9108800A1B921 /* Products */;
			projectDirPath = "";
			projectRoot = "";
			targets = (
				EDC703D028D9108800A1B921 /* Halio */,
			);
		};
/* End PBXProject section */

/* Begin PBXResourcesBuildPhase section */
		EDC703CF28D9108800A1B921 /* Resources */ = {
			isa = PBXResourcesBuildPhase;
			buildActionMask = 2147483647;
			files = (
				2ABB2B1628DB7E2C001B36BB /* Abel-Regular.ttf in Resources */,
				EDC703E128D9108B00A1B921 /* LaunchScreen.storyboard in Resources */,
				EDC703DE28D9108B00A1B921 /* Assets.xcassets in Resources */,
			);
			runOnlyForDeploymentPostprocessing = 0;
		};
/* End PBXResourcesBuildPhase section */

/* Begin PBXSourcesBuildPhase section */
		EDC703CD28D9108800A1B921 /* Sources */ = {
			isa = PBXSourcesBuildPhase;
			buildActionMask = 2147483647;
			files = (
				EDC703D928D9108800A1B921 /* HomeViewController.swift in Sources */,
				EDC703D528D9108800A1B921 /* AppDelegate.swift in Sources */,
				2ABB2B1228DB1498001B36BB /* CollectionViewCell.swift in Sources */,
				EDB1C97828D9E0AC00B03DF9 /* ProfileViewController.swift in Sources */,
				2ABB2B1028DB1356001B36BB /* SongCell.swift in Sources */,
				EDB1C97628D9E0A100B03DF9 /* SearchViewController.swift in Sources */,
				EDB1C97428D9E09300B03DF9 /* FavoriteListViewController.swift in Sources */,
				EDB1C97B28D9E0F400B03DF9 /* Constants.swift in Sources */,
			);
			runOnlyForDeploymentPostprocessing = 0;
		};
/* End PBXSourcesBuildPhase section */

/* Begin PBXVariantGroup section */
		EDC703DF28D9108B00A1B921 /* LaunchScreen.storyboard */ = {
			isa = PBXVariantGroup;
			children = (
				EDC703E028D9108B00A1B921 /* Base */,
			);
			name = LaunchScreen.storyboard;
			sourceTree = "<group>";
		};
/* End PBXVariantGroup section */

/* Begin XCBuildConfiguration section */
		EDC703E328D9108B00A1B921 /* Debug */ = {
			isa = XCBuildConfiguration;
			buildSettings = {
				ALWAYS_SEARCH_USER_PATHS = NO;
				CLANG_ANALYZER_NONNULL = YES;
				CLANG_ANALYZER_NUMBER_OBJECT_CONVERSION = YES_AGGRESSIVE;
				CLANG_CXX_LANGUAGE_STANDARD = "gnu++17";
				CLANG_CXX_LIBRARY = "libc++";
				CLANG_ENABLE_MODULES = YES;
				CLANG_ENABLE_OBJC_ARC = YES;
				CLANG_ENABLE_OBJC_WEAK = YES;
				CLANG_WARN_BLOCK_CAPTURE_AUTORELEASING = YES;
				CLANG_WARN_BOOL_CONVERSION = YES;
				CLANG_WARN_COMMA = YES;
				CLANG_WARN_CONSTANT_CONVERSION = YES;
				CLANG_WARN_DEPRECATED_OBJC_IMPLEMENTATIONS = YES;
				CLANG_WARN_DIRECT_OBJC_ISA_USAGE = YES_ERROR;
				CLANG_WARN_DOCUMENTATION_COMMENTS = YES;
				CLANG_WARN_EMPTY_BODY = YES;
				CLANG_WARN_ENUM_CONVERSION = YES;
				CLANG_WARN_INFINITE_RECURSION = YES;
				CLANG_WARN_INT_CONVERSION = YES;
				CLANG_WARN_NON_LITERAL_NULL_CONVERSION = YES;
				CLANG_WARN_OBJC_IMPLICIT_RETAIN_SELF = YES;
				CLANG_WARN_OBJC_LITERAL_CONVERSION = YES;
				CLANG_WARN_OBJC_ROOT_CLASS = YES_ERROR;
				CLANG_WARN_QUOTED_INCLUDE_IN_FRAMEWORK_HEADER = YES;
				CLANG_WARN_RANGE_LOOP_ANALYSIS = YES;
				CLANG_WARN_STRICT_PROTOTYPES = YES;
				CLANG_WARN_SUSPICIOUS_MOVE = YES;
				CLANG_WARN_UNGUARDED_AVAILABILITY = YES_AGGRESSIVE;
				CLANG_WARN_UNREACHABLE_CODE = YES;
				CLANG_WARN__DUPLICATE_METHOD_MATCH = YES;
				COPY_PHASE_STRIP = NO;
				DEBUG_INFORMATION_FORMAT = dwarf;
				ENABLE_STRICT_OBJC_MSGSEND = YES;
				ENABLE_TESTABILITY = YES;
				GCC_C_LANGUAGE_STANDARD = gnu11;
				GCC_DYNAMIC_NO_PIC = NO;
				GCC_NO_COMMON_BLOCKS = YES;
				GCC_OPTIMIZATION_LEVEL = 0;
				GCC_PREPROCESSOR_DEFINITIONS = (
					"DEBUG=1",
					"$(inherited)",
				);
				GCC_WARN_64_TO_32_BIT_CONVERSION = YES;
				GCC_WARN_ABOUT_RETURN_TYPE = YES_ERROR;
				GCC_WARN_UNDECLARED_SELECTOR = YES;
				GCC_WARN_UNINITIALIZED_AUTOS = YES_AGGRESSIVE;
				GCC_WARN_UNUSED_FUNCTION = YES;
				GCC_WARN_UNUSED_VARIABLE = YES;
				IPHONEOS_DEPLOYMENT_TARGET = 15.2;
				MTL_ENABLE_DEBUG_INFO = INCLUDE_SOURCE;
				MTL_FAST_MATH = YES;
				ONLY_ACTIVE_ARCH = YES;
				SDKROOT = iphoneos;
				SWIFT_ACTIVE_COMPILATION_CONDITIONS = DEBUG;
				SWIFT_OPTIMIZATION_LEVEL = "-Onone";
			};
			name = Debug;
		};
		EDC703E428D9108B00A1B921 /* Release */ = {
			isa = XCBuildConfiguration;
			buildSettings = {
				ALWAYS_SEARCH_USER_PATHS = NO;
				CLANG_ANALYZER_NONNULL = YES;
				CLANG_ANALYZER_NUMBER_OBJECT_CONVERSION = YES_AGGRESSIVE;
				CLANG_CXX_LANGUAGE_STANDARD = "gnu++17";
				CLANG_CXX_LIBRARY = "libc++";
				CLANG_ENABLE_MODULES = YES;
				CLANG_ENABLE_OBJC_ARC = YES;
				CLANG_ENABLE_OBJC_WEAK = YES;
				CLANG_WARN_BLOCK_CAPTURE_AUTORELEASING = YES;
				CLANG_WARN_BOOL_CONVERSION = YES;
				CLANG_WARN_COMMA = YES;
				CLANG_WARN_CONSTANT_CONVERSION = YES;
				CLANG_WARN_DEPRECATED_OBJC_IMPLEMENTATIONS = YES;
				CLANG_WARN_DIRECT_OBJC_ISA_USAGE = YES_ERROR;
				CLANG_WARN_DOCUMENTATION_COMMENTS = YES;
				CLANG_WARN_EMPTY_BODY = YES;
				CLANG_WARN_ENUM_CONVERSION = YES;
				CLANG_WARN_INFINITE_RECURSION = YES;
				CLANG_WARN_INT_CONVERSION = YES;
				CLANG_WARN_NON_LITERAL_NULL_CONVERSION = YES;
				CLANG_WARN_OBJC_IMPLICIT_RETAIN_SELF = YES;
				CLANG_WARN_OBJC_LITERAL_CONVERSION = YES;
				CLANG_WARN_OBJC_ROOT_CLASS = YES_ERROR;
				CLANG_WARN_QUOTED_INCLUDE_IN_FRAMEWORK_HEADER = YES;
				CLANG_WARN_RANGE_LOOP_ANALYSIS = YES;
				CLANG_WARN_STRICT_PROTOTYPES = YES;
				CLANG_WARN_SUSPICIOUS_MOVE = YES;
				CLANG_WARN_UNGUARDED_AVAILABILITY = YES_AGGRESSIVE;
				CLANG_WARN_UNREACHABLE_CODE = YES;
				CLANG_WARN__DUPLICATE_METHOD_MATCH = YES;
				COPY_PHASE_STRIP = NO;
				DEBUG_INFORMATION_FORMAT = "dwarf-with-dsym";
				ENABLE_NS_ASSERTIONS = NO;
				ENABLE_STRICT_OBJC_MSGSEND = YES;
				GCC_C_LANGUAGE_STANDARD = gnu11;
				GCC_NO_COMMON_BLOCKS = YES;
				GCC_WARN_64_TO_32_BIT_CONVERSION = YES;
				GCC_WARN_ABOUT_RETURN_TYPE = YES_ERROR;
				GCC_WARN_UNDECLARED_SELECTOR = YES;
				GCC_WARN_UNINITIALIZED_AUTOS = YES_AGGRESSIVE;
				GCC_WARN_UNUSED_FUNCTION = YES;
				GCC_WARN_UNUSED_VARIABLE = YES;
				IPHONEOS_DEPLOYMENT_TARGET = 15.2;
				MTL_ENABLE_DEBUG_INFO = NO;
				MTL_FAST_MATH = YES;
				SDKROOT = iphoneos;
				SWIFT_COMPILATION_MODE = wholemodule;
				SWIFT_OPTIMIZATION_LEVEL = "-O";
				VALIDATE_PRODUCT = YES;
			};
			name = Release;
		};
		EDC703E628D9108B00A1B921 /* Debug */ = {
			isa = XCBuildConfiguration;
			buildSettings = {
				ASSETCATALOG_COMPILER_APPICON_NAME = AppIcon;
				ASSETCATALOG_COMPILER_GLOBAL_ACCENT_COLOR_NAME = AccentColor;
				CODE_SIGN_STYLE = Automatic;
				CURRENT_PROJECT_VERSION = 1;
				DEVELOPMENT_TEAM = 4Z2WB5K56M;
				GENERATE_INFOPLIST_FILE = YES;
				INFOPLIST_FILE = Halio/Info.plist;
				INFOPLIST_KEY_CFBundleDisplayName = Halio;
				INFOPLIST_KEY_UIApplicationSupportsIndirectInputEvents = YES;
				INFOPLIST_KEY_UILaunchStoryboardName = LaunchScreen;
				INFOPLIST_KEY_UISupportedInterfaceOrientations_iPad = "UIInterfaceOrientationPortrait UIInterfaceOrientationPortraitUpsideDown UIInterfaceOrientationLandscapeLeft UIInterfaceOrientationLandscapeRight";
				INFOPLIST_KEY_UISupportedInterfaceOrientations_iPhone = "UIInterfaceOrientationPortrait UIInterfaceOrientationLandscapeLeft UIInterfaceOrientationLandscapeRight";
				LD_RUNPATH_SEARCH_PATHS = (
					"$(inherited)",
					"@executable_path/Frameworks",
				);
				MARKETING_VERSION = 1.0;
				PRODUCT_BUNDLE_IDENTIFIER = com.teamone.halio.Halio;
				PRODUCT_NAME = "$(TARGET_NAME)";
				SWIFT_EMIT_LOC_STRINGS = YES;
				SWIFT_VERSION = 5.0;
				TARGETED_DEVICE_FAMILY = "1,2";
			};
			name = Debug;
		};
		EDC703E728D9108B00A1B921 /* Release */ = {
			isa = XCBuildConfiguration;
			buildSettings = {
				ASSETCATALOG_COMPILER_APPICON_NAME = AppIcon;
				ASSETCATALOG_COMPILER_GLOBAL_ACCENT_COLOR_NAME = AccentColor;
				CODE_SIGN_STYLE = Automatic;
				CURRENT_PROJECT_VERSION = 1;
				DEVELOPMENT_TEAM = 4Z2WB5K56M;
				GENERATE_INFOPLIST_FILE = YES;
				INFOPLIST_FILE = Halio/Info.plist;
				INFOPLIST_KEY_CFBundleDisplayName = Halio;
				INFOPLIST_KEY_UIApplicationSupportsIndirectInputEvents = YES;
				INFOPLIST_KEY_UILaunchStoryboardName = LaunchScreen;
				INFOPLIST_KEY_UISupportedInterfaceOrientations_iPad = "UIInterfaceOrientationPortrait UIInterfaceOrientationPortraitUpsideDown UIInterfaceOrientationLandscapeLeft UIInterfaceOrientationLandscapeRight";
				INFOPLIST_KEY_UISupportedInterfaceOrientations_iPhone = "UIInterfaceOrientationPortrait UIInterfaceOrientationLandscapeLeft UIInterfaceOrientationLandscapeRight";
				LD_RUNPATH_SEARCH_PATHS = (
					"$(inherited)",
					"@executable_path/Frameworks",
				);
				MARKETING_VERSION = 1.0;
				PRODUCT_BUNDLE_IDENTIFIER = com.teamone.halio.Halio;
				PRODUCT_NAME = "$(TARGET_NAME)";
				SWIFT_EMIT_LOC_STRINGS = YES;
				SWIFT_VERSION = 5.0;
				TARGETED_DEVICE_FAMILY = "1,2";
			};
			name = Release;
		};
/* End XCBuildConfiguration section */

/* Begin XCConfigurationList section */
		EDC703CC28D9108800A1B921 /* Build configuration list for PBXProject "Halio" */ = {
			isa = XCConfigurationList;
			buildConfigurations = (
				EDC703E328D9108B00A1B921 /* Debug */,
				EDC703E428D9108B00A1B921 /* Release */,
			);
			defaultConfigurationIsVisible = 0;
			defaultConfigurationName = Release;
		};
		EDC703E528D9108B00A1B921 /* Build configuration list for PBXNativeTarget "Halio" */ = {
			isa = XCConfigurationList;
			buildConfigurations = (
				EDC703E628D9108B00A1B921 /* Debug */,
				EDC703E728D9108B00A1B921 /* Release */,
			);
			defaultConfigurationIsVisible = 0;
			defaultConfigurationName = Release;
		};
/* End XCConfigurationList section */
	};
	rootObject = EDC703C928D9108800A1B921 /* Project object */;
}
